// !$*UTF8*$!
{
	archiveVersion = 1;
	classes = {
	};
	objectVersion = 55;
	objects = {

/* Begin PBXBuildFile section */
		843B309027EF352700A89102 /* SearchResultViewController.swift in Sources */ = {isa = PBXBuildFile; fileRef = 843B308F27EF352700A89102 /* SearchResultViewController.swift */; };
		843B309227EF50DE00A89102 /* MovieDetailViewController.swift in Sources */ = {isa = PBXBuildFile; fileRef = 843B309127EF50DE00A89102 /* MovieDetailViewController.swift */; };
		843B309527EF550400A89102 /* GenreCollectionViewCell.swift in Sources */ = {isa = PBXBuildFile; fileRef = 843B309327EF550400A89102 /* GenreCollectionViewCell.swift */; };
		843B309627EF550400A89102 /* GenreCollectionViewCell.xib in Resources */ = {isa = PBXBuildFile; fileRef = 843B309427EF550400A89102 /* GenreCollectionViewCell.xib */; };
		843B309B27EF5BA000A89102 /* CustomLabel.swift in Sources */ = {isa = PBXBuildFile; fileRef = 843B309A27EF5BA000A89102 /* CustomLabel.swift */; };
		843B309D27EF96F000A89102 /* SelectSeatsViewController.swift in Sources */ = {isa = PBXBuildFile; fileRef = 843B309C27EF96F000A89102 /* SelectSeatsViewController.swift */; };
		843B30A027EF977700A89102 /* DatesCollectionViewCell.swift in Sources */ = {isa = PBXBuildFile; fileRef = 843B309E27EF977700A89102 /* DatesCollectionViewCell.swift */; };
		843B30A127EF977700A89102 /* DatesCollectionViewCell.xib in Resources */ = {isa = PBXBuildFile; fileRef = 843B309F27EF977700A89102 /* DatesCollectionViewCell.xib */; };
		843B30A427EF98A800A89102 /* SeatLayoutCollectionViewCell.swift in Sources */ = {isa = PBXBuildFile; fileRef = 843B30A227EF98A800A89102 /* SeatLayoutCollectionViewCell.swift */; };
		843B30A527EF98A800A89102 /* SeatLayoutCollectionViewCell.xib in Resources */ = {isa = PBXBuildFile; fileRef = 843B30A327EF98A800A89102 /* SeatLayoutCollectionViewCell.xib */; };
		8482456D27EEDFAE00F671F9 /* AppDelegate.swift in Sources */ = {isa = PBXBuildFile; fileRef = 8482456C27EEDFAE00F671F9 /* AppDelegate.swift */; };
		8482456F27EEDFAE00F671F9 /* SceneDelegate.swift in Sources */ = {isa = PBXBuildFile; fileRef = 8482456E27EEDFAE00F671F9 /* SceneDelegate.swift */; };
		8482457127EEDFAE00F671F9 /* ViewController.swift in Sources */ = {isa = PBXBuildFile; fileRef = 8482457027EEDFAE00F671F9 /* ViewController.swift */; };
		8482457427EEDFAE00F671F9 /* Main.storyboard in Resources */ = {isa = PBXBuildFile; fileRef = 8482457227EEDFAE00F671F9 /* Main.storyboard */; };
		8482457627EEDFB000F671F9 /* Assets.xcassets in Resources */ = {isa = PBXBuildFile; fileRef = 8482457527EEDFB000F671F9 /* Assets.xcassets */; };
		8482457927EEDFB000F671F9 /* LaunchScreen.storyboard in Resources */ = {isa = PBXBuildFile; fileRef = 8482457727EEDFB000F671F9 /* LaunchScreen.storyboard */; };
		8482459427EEE7F000F671F9 /* Poppins-Italic.ttf in Resources */ = {isa = PBXBuildFile; fileRef = 8482458227EEE7EF00F671F9 /* Poppins-Italic.ttf */; };
		8482459527EEE7F000F671F9 /* Poppins-BoldItalic.ttf in Resources */ = {isa = PBXBuildFile; fileRef = 8482458327EEE7EF00F671F9 /* Poppins-BoldItalic.ttf */; };
		8482459627EEE7F000F671F9 /* Poppins-Light.ttf in Resources */ = {isa = PBXBuildFile; fileRef = 8482458427EEE7EF00F671F9 /* Poppins-Light.ttf */; };
		8482459727EEE7F000F671F9 /* Poppins-ExtraBoldItalic.ttf in Resources */ = {isa = PBXBuildFile; fileRef = 8482458527EEE7F000F671F9 /* Poppins-ExtraBoldItalic.ttf */; };
		8482459827EEE7F000F671F9 /* Poppins-SemiBold.ttf in Resources */ = {isa = PBXBuildFile; fileRef = 8482458627EEE7F000F671F9 /* Poppins-SemiBold.ttf */; };
		8482459927EEE7F000F671F9 /* Poppins-ExtraLight.ttf in Resources */ = {isa = PBXBuildFile; fileRef = 8482458727EEE7F000F671F9 /* Poppins-ExtraLight.ttf */; };
		8482459A27EEE7F000F671F9 /* Poppins-ExtraLightItalic.ttf in Resources */ = {isa = PBXBuildFile; fileRef = 8482458827EEE7F000F671F9 /* Poppins-ExtraLightItalic.ttf */; };
		8482459B27EEE7F000F671F9 /* Poppins-Medium.ttf in Resources */ = {isa = PBXBuildFile; fileRef = 8482458927EEE7F000F671F9 /* Poppins-Medium.ttf */; };
		8482459C27EEE7F000F671F9 /* Poppins-Regular.ttf in Resources */ = {isa = PBXBuildFile; fileRef = 8482458A27EEE7F000F671F9 /* Poppins-Regular.ttf */; };
		8482459D27EEE7F000F671F9 /* Poppins-BlackItalic.ttf in Resources */ = {isa = PBXBuildFile; fileRef = 8482458B27EEE7F000F671F9 /* Poppins-BlackItalic.ttf */; };
		8482459E27EEE7F000F671F9 /* Poppins-SemiBoldItalic.ttf in Resources */ = {isa = PBXBuildFile; fileRef = 8482458C27EEE7F000F671F9 /* Poppins-SemiBoldItalic.ttf */; };
		8482459F27EEE7F000F671F9 /* Poppins-ThinItalic.ttf in Resources */ = {isa = PBXBuildFile; fileRef = 8482458D27EEE7F000F671F9 /* Poppins-ThinItalic.ttf */; };
		848245A027EEE7F000F671F9 /* Poppins-ExtraBold.ttf in Resources */ = {isa = PBXBuildFile; fileRef = 8482458E27EEE7F000F671F9 /* Poppins-ExtraBold.ttf */; };
		848245A127EEE7F000F671F9 /* Poppins-Black.ttf in Resources */ = {isa = PBXBuildFile; fileRef = 8482458F27EEE7F000F671F9 /* Poppins-Black.ttf */; };
		848245A227EEE7F000F671F9 /* Poppins-Bold.ttf in Resources */ = {isa = PBXBuildFile; fileRef = 8482459027EEE7F000F671F9 /* Poppins-Bold.ttf */; };
		848245A327EEE7F000F671F9 /* Poppins-MediumItalic.ttf in Resources */ = {isa = PBXBuildFile; fileRef = 8482459127EEE7F000F671F9 /* Poppins-MediumItalic.ttf */; };
		848245A427EEE7F000F671F9 /* Poppins-LightItalic.ttf in Resources */ = {isa = PBXBuildFile; fileRef = 8482459227EEE7F000F671F9 /* Poppins-LightItalic.ttf */; };
		848245A527EEE7F000F671F9 /* Poppins-Thin.ttf in Resources */ = {isa = PBXBuildFile; fileRef = 8482459327EEE7F000F671F9 /* Poppins-Thin.ttf */; };
		848245AA27EEF0EE00F671F9 /* MoviesTableViewCell.swift in Sources */ = {isa = PBXBuildFile; fileRef = 848245A827EEF0EE00F671F9 /* MoviesTableViewCell.swift */; };
		848245AB27EEF0EE00F671F9 /* MoviesTableViewCell.xib in Resources */ = {isa = PBXBuildFile; fileRef = 848245A927EEF0EE00F671F9 /* MoviesTableViewCell.xib */; };
		848245B127EEF61200F671F9 /* MovieGenreViewController.swift in Sources */ = {isa = PBXBuildFile; fileRef = 848245B027EEF61200F671F9 /* MovieGenreViewController.swift */; };
		848245B627EF246100F671F9 /* MovieGenreCollectionViewCell.swift in Sources */ = {isa = PBXBuildFile; fileRef = 848245B427EF246100F671F9 /* MovieGenreCollectionViewCell.swift */; };
		848245B727EF246100F671F9 /* MovieGenreCollectionViewCell.xib in Resources */ = {isa = PBXBuildFile; fileRef = 848245B527EF246100F671F9 /* MovieGenreCollectionViewCell.xib */; };
		848245BA27EF285A00F671F9 /* MovieTableViewCell.swift in Sources */ = {isa = PBXBuildFile; fileRef = 848245B827EF285A00F671F9 /* MovieTableViewCell.swift */; };
		848245BB27EF285A00F671F9 /* MovieTableViewCell.xib in Resources */ = {isa = PBXBuildFile; fileRef = 848245B927EF285A00F671F9 /* MovieTableViewCell.xib */; };
/* End PBXBuildFile section */

/* Begin PBXFileReference section */
		843B308F27EF352700A89102 /* SearchResultViewController.swift */ = {isa = PBXFileReference; lastKnownFileType = sourcecode.swift; path = SearchResultViewController.swift; sourceTree = "<group>"; };
		843B309127EF50DE00A89102 /* MovieDetailViewController.swift */ = {isa = PBXFileReference; lastKnownFileType = sourcecode.swift; path = MovieDetailViewController.swift; sourceTree = "<group>"; };
		843B309327EF550400A89102 /* GenreCollectionViewCell.swift */ = {isa = PBXFileReference; lastKnownFileType = sourcecode.swift; path = GenreCollectionViewCell.swift; sourceTree = "<group>"; };
		843B309427EF550400A89102 /* GenreCollectionViewCell.xib */ = {isa = PBXFileReference; lastKnownFileType = file.xib; path = GenreCollectionViewCell.xib; sourceTree = "<group>"; };
		843B309A27EF5BA000A89102 /* CustomLabel.swift */ = {isa = PBXFileReference; lastKnownFileType = sourcecode.swift; path = CustomLabel.swift; sourceTree = "<group>"; };
		843B309C27EF96F000A89102 /* SelectSeatsViewController.swift */ = {isa = PBXFileReference; lastKnownFileType = sourcecode.swift; path = SelectSeatsViewController.swift; sourceTree = "<group>"; };
		843B309E27EF977700A89102 /* DatesCollectionViewCell.swift */ = {isa = PBXFileReference; lastKnownFileType = sourcecode.swift; path = DatesCollectionViewCell.swift; sourceTree = "<group>"; };
		843B309F27EF977700A89102 /* DatesCollectionViewCell.xib */ = {isa = PBXFileReference; lastKnownFileType = file.xib; path = DatesCollectionViewCell.xib; sourceTree = "<group>"; };
		843B30A227EF98A800A89102 /* SeatLayoutCollectionViewCell.swift */ = {isa = PBXFileReference; lastKnownFileType = sourcecode.swift; path = SeatLayoutCollectionViewCell.swift; sourceTree = "<group>"; };
		843B30A327EF98A800A89102 /* SeatLayoutCollectionViewCell.xib */ = {isa = PBXFileReference; lastKnownFileType = file.xib; path = SeatLayoutCollectionViewCell.xib; sourceTree = "<group>"; };
		8482456927EEDFAE00F671F9 /* tentwentyTest.app */ = {isa = PBXFileReference; explicitFileType = wrapper.application; includeInIndex = 0; path = tentwentyTest.app; sourceTree = BUILT_PRODUCTS_DIR; };
		8482456C27EEDFAE00F671F9 /* AppDelegate.swift */ = {isa = PBXFileReference; lastKnownFileType = sourcecode.swift; path = AppDelegate.swift; sourceTree = "<group>"; };
		8482456E27EEDFAE00F671F9 /* SceneDelegate.swift */ = {isa = PBXFileReference; lastKnownFileType = sourcecode.swift; path = SceneDelegate.swift; sourceTree = "<group>"; };
		8482457027EEDFAE00F671F9 /* ViewController.swift */ = {isa = PBXFileReference; lastKnownFileType = sourcecode.swift; path = ViewController.swift; sourceTree = "<group>"; };
		8482457327EEDFAE00F671F9 /* Base */ = {isa = PBXFileReference; lastKnownFileType = file.storyboard; name = Base; path = Base.lproj/Main.storyboard; sourceTree = "<group>"; };
		8482457527EEDFB000F671F9 /* Assets.xcassets */ = {isa = PBXFileReference; lastKnownFileType = folder.assetcatalog; path = Assets.xcassets; sourceTree = "<group>"; };
		8482457827EEDFB000F671F9 /* Base */ = {isa = PBXFileReference; lastKnownFileType = file.storyboard; name = Base; path = Base.lproj/LaunchScreen.storyboard; sourceTree = "<group>"; };
		8482457A27EEDFB000F671F9 /* Info.plist */ = {isa = PBXFileReference; lastKnownFileType = text.plist.xml; path = Info.plist; sourceTree = "<group>"; };
		8482458227EEE7EF00F671F9 /* Poppins-Italic.ttf */ = {isa = PBXFileReference; lastKnownFileType = file; path = "Poppins-Italic.ttf"; sourceTree = "<group>"; };
		8482458327EEE7EF00F671F9 /* Poppins-BoldItalic.ttf */ = {isa = PBXFileReference; lastKnownFileType = file; path = "Poppins-BoldItalic.ttf"; sourceTree = "<group>"; };
		8482458427EEE7EF00F671F9 /* Poppins-Light.ttf */ = {isa = PBXFileReference; lastKnownFileType = file; path = "Poppins-Light.ttf"; sourceTree = "<group>"; };
		8482458527EEE7F000F671F9 /* Poppins-ExtraBoldItalic.ttf */ = {isa = PBXFileReference; lastKnownFileType = file; path = "Poppins-ExtraBoldItalic.ttf"; sourceTree = "<group>"; };
		8482458627EEE7F000F671F9 /* Poppins-SemiBold.ttf */ = {isa = PBXFileReference; lastKnownFileType = file; path = "Poppins-SemiBold.ttf"; sourceTree = "<group>"; };
		8482458727EEE7F000F671F9 /* Poppins-ExtraLight.ttf */ = {isa = PBXFileReference; lastKnownFileType = file; path = "Poppins-ExtraLight.ttf"; sourceTree = "<group>"; };
		8482458827EEE7F000F671F9 /* Poppins-ExtraLightItalic.ttf */ = {isa = PBXFileReference; lastKnownFileType = file; path = "Poppins-ExtraLightItalic.ttf"; sourceTree = "<group>"; };
		8482458927EEE7F000F671F9 /* Poppins-Medium.ttf */ = {isa = PBXFileReference; lastKnownFileType = file; path = "Poppins-Medium.ttf"; sourceTree = "<group>"; };
		8482458A27EEE7F000F671F9 /* Poppins-Regular.ttf */ = {isa = PBXFileReference; lastKnownFileType = file; path = "Poppins-Regular.ttf"; sourceTree = "<group>"; };
		8482458B27EEE7F000F671F9 /* Poppins-BlackItalic.ttf */ = {isa = PBXFileReference; lastKnownFileType = file; path = "Poppins-BlackItalic.ttf"; sourceTree = "<group>"; };
		8482458C27EEE7F000F671F9 /* Poppins-SemiBoldItalic.ttf */ = {isa = PBXFileReference; lastKnownFileType = file; path = "Poppins-SemiBoldItalic.ttf"; sourceTree = "<group>"; };
		8482458D27EEE7F000F671F9 /* Poppins-ThinItalic.ttf */ = {isa = PBXFileReference; lastKnownFileType = file; path = "Poppins-ThinItalic.ttf"; sourceTree = "<group>"; };
		8482458E27EEE7F000F671F9 /* Poppins-ExtraBold.ttf */ = {isa = PBXFileReference; lastKnownFileType = file; path = "Poppins-ExtraBold.ttf"; sourceTree = "<group>"; };
		8482458F27EEE7F000F671F9 /* Poppins-Black.ttf */ = {isa = PBXFileReference; lastKnownFileType = file; path = "Poppins-Black.ttf"; sourceTree = "<group>"; };
		8482459027EEE7F000F671F9 /* Poppins-Bold.ttf */ = {isa = PBXFileReference; lastKnownFileType = file; path = "Poppins-Bold.ttf"; sourceTree = "<group>"; };
		8482459127EEE7F000F671F9 /* Poppins-MediumItalic.ttf */ = {isa = PBXFileReference; lastKnownFileType = file; path = "Poppins-MediumItalic.ttf"; sourceTree = "<group>"; };
		8482459227EEE7F000F671F9 /* Poppins-LightItalic.ttf */ = {isa = PBXFileReference; lastKnownFileType = file; path = "Poppins-LightItalic.ttf"; sourceTree = "<group>"; };
		8482459327EEE7F000F671F9 /* Poppins-Thin.ttf */ = {isa = PBXFileReference; lastKnownFileType = file; path = "Poppins-Thin.ttf"; sourceTree = "<group>"; };
		848245A827EEF0EE00F671F9 /* MoviesTableViewCell.swift */ = {isa = PBXFileReference; lastKnownFileType = sourcecode.swift; path = MoviesTableViewCell.swift; sourceTree = "<group>"; };
		848245A927EEF0EE00F671F9 /* MoviesTableViewCell.xib */ = {isa = PBXFileReference; lastKnownFileType = file.xib; path = MoviesTableViewCell.xib; sourceTree = "<group>"; };
		848245B027EEF61200F671F9 /* MovieGenreViewController.swift */ = {isa = PBXFileReference; lastKnownFileType = sourcecode.swift; path = MovieGenreViewController.swift; sourceTree = "<group>"; };
		848245B427EF246100F671F9 /* MovieGenreCollectionViewCell.swift */ = {isa = PBXFileReference; lastKnownFileType = sourcecode.swift; path = MovieGenreCollectionViewCell.swift; sourceTree = "<group>"; };
		848245B527EF246100F671F9 /* MovieGenreCollectionViewCell.xib */ = {isa = PBXFileReference; lastKnownFileType = file.xib; path = MovieGenreCollectionViewCell.xib; sourceTree = "<group>"; };
		848245B827EF285A00F671F9 /* MovieTableViewCell.swift */ = {isa = PBXFileReference; lastKnownFileType = sourcecode.swift; path = MovieTableViewCell.swift; sourceTree = "<group>"; };
		848245B927EF285A00F671F9 /* MovieTableViewCell.xib */ = {isa = PBXFileReference; lastKnownFileType = file.xib; path = MovieTableViewCell.xib; sourceTree = "<group>"; };
/* End PBXFileReference section */

/* Begin PBXFrameworksBuildPhase section */
		8482456627EEDFAE00F671F9 /* Frameworks */ = {
			isa = PBXFrameworksBuildPhase;
			buildActionMask = 2147483647;
			files = (
			);
			runOnlyForDeploymentPostprocessing = 0;
		};
/* End PBXFrameworksBuildPhase section */

/* Begin PBXGroup section */
		843B309727EF562B00A89102 /* Common */ = {
			isa = PBXGroup;
			children = (
				843B309A27EF5BA000A89102 /* CustomLabel.swift */,
			);
			path = Common;
			sourceTree = "<group>";
		};
		8482456027EEDFAE00F671F9 = {
			isa = PBXGroup;
			children = (
				8482456B27EEDFAE00F671F9 /* tentwentyTest */,
				8482456A27EEDFAE00F671F9 /* Products */,
			);
			sourceTree = "<group>";
		};
		8482456A27EEDFAE00F671F9 /* Products */ = {
			isa = PBXGroup;
			children = (
				8482456927EEDFAE00F671F9 /* tentwentyTest.app */,
			);
			name = Products;
			sourceTree = "<group>";
		};
		8482456B27EEDFAE00F671F9 /* tentwentyTest */ = {
			isa = PBXGroup;
			children = (
				843B309727EF562B00A89102 /* Common */,
				848245A627EEF0B900F671F9 /* Watch */,
				8482458027EEE7D300F671F9 /* Resources */,
				8482456C27EEDFAE00F671F9 /* AppDelegate.swift */,
				8482456E27EEDFAE00F671F9 /* SceneDelegate.swift */,
				8482457027EEDFAE00F671F9 /* ViewController.swift */,
				8482457227EEDFAE00F671F9 /* Main.storyboard */,
				8482457527EEDFB000F671F9 /* Assets.xcassets */,
				8482457727EEDFB000F671F9 /* LaunchScreen.storyboard */,
				8482457A27EEDFB000F671F9 /* Info.plist */,
			);
			path = tentwentyTest;
			sourceTree = "<group>";
		};
		8482458027EEE7D300F671F9 /* Resources */ = {
			isa = PBXGroup;
			children = (
				8482458127EEE7DB00F671F9 /* Fonts */,
			);
			path = Resources;
			sourceTree = "<group>";
		};
		8482458127EEE7DB00F671F9 /* Fonts */ = {
			isa = PBXGroup;
			children = (
				8482458F27EEE7F000F671F9 /* Poppins-Black.ttf */,
				8482458B27EEE7F000F671F9 /* Poppins-BlackItalic.ttf */,
				8482459027EEE7F000F671F9 /* Poppins-Bold.ttf */,
				8482458327EEE7EF00F671F9 /* Poppins-BoldItalic.ttf */,
				8482458E27EEE7F000F671F9 /* Poppins-ExtraBold.ttf */,
				8482458527EEE7F000F671F9 /* Poppins-ExtraBoldItalic.ttf */,
				8482458727EEE7F000F671F9 /* Poppins-ExtraLight.ttf */,
				8482458827EEE7F000F671F9 /* Poppins-ExtraLightItalic.ttf */,
				8482458227EEE7EF00F671F9 /* Poppins-Italic.ttf */,
				8482458427EEE7EF00F671F9 /* Poppins-Light.ttf */,
				8482459227EEE7F000F671F9 /* Poppins-LightItalic.ttf */,
				8482458927EEE7F000F671F9 /* Poppins-Medium.ttf */,
				8482459127EEE7F000F671F9 /* Poppins-MediumItalic.ttf */,
				8482458A27EEE7F000F671F9 /* Poppins-Regular.ttf */,
				8482458627EEE7F000F671F9 /* Poppins-SemiBold.ttf */,
				8482458C27EEE7F000F671F9 /* Poppins-SemiBoldItalic.ttf */,
				8482459327EEE7F000F671F9 /* Poppins-Thin.ttf */,
				8482458D27EEE7F000F671F9 /* Poppins-ThinItalic.ttf */,
			);
			path = Fonts;
			sourceTree = "<group>";
		};
		848245A627EEF0B900F671F9 /* Watch */ = {
			isa = PBXGroup;
			children = (
				848245AF27EEF5ED00F671F9 /* Views */,
				848245AC27EEF5C800F671F9 /* Controllers */,
			);
			path = Watch;
			sourceTree = "<group>";
		};
		848245A727EEF0C300F671F9 /* Cells */ = {
			isa = PBXGroup;
			children = (
				848245A827EEF0EE00F671F9 /* MoviesTableViewCell.swift */,
				848245A927EEF0EE00F671F9 /* MoviesTableViewCell.xib */,
				848245B427EF246100F671F9 /* MovieGenreCollectionViewCell.swift */,
				848245B527EF246100F671F9 /* MovieGenreCollectionViewCell.xib */,
				848245B827EF285A00F671F9 /* MovieTableViewCell.swift */,
				848245B927EF285A00F671F9 /* MovieTableViewCell.xib */,
				843B309327EF550400A89102 /* GenreCollectionViewCell.swift */,
				843B309427EF550400A89102 /* GenreCollectionViewCell.xib */,
				843B309E27EF977700A89102 /* DatesCollectionViewCell.swift */,
				843B309F27EF977700A89102 /* DatesCollectionViewCell.xib */,
				843B30A227EF98A800A89102 /* SeatLayoutCollectionViewCell.swift */,
				843B30A327EF98A800A89102 /* SeatLayoutCollectionViewCell.xib */,
			);
			path = Cells;
			sourceTree = "<group>";
		};
		848245AC27EEF5C800F671F9 /* Controllers */ = {
			isa = PBXGroup;
			children = (
				848245B027EEF61200F671F9 /* MovieGenreViewController.swift */,
				843B308F27EF352700A89102 /* SearchResultViewController.swift */,
				843B309127EF50DE00A89102 /* MovieDetailViewController.swift */,
				843B309C27EF96F000A89102 /* SelectSeatsViewController.swift */,
			);
			path = Controllers;
			sourceTree = "<group>";
		};
		848245AF27EEF5ED00F671F9 /* Views */ = {
			isa = PBXGroup;
			children = (
				848245A727EEF0C300F671F9 /* Cells */,
			);
			path = Views;
			sourceTree = "<group>";
		};
/* End PBXGroup section */

/* Begin PBXNativeTarget section */
		8482456827EEDFAE00F671F9 /* tentwentyTest */ = {
			isa = PBXNativeTarget;
			buildConfigurationList = 8482457D27EEDFB000F671F9 /* Build configuration list for PBXNativeTarget "tentwentyTest" */;
			buildPhases = (
				8482456527EEDFAE00F671F9 /* Sources */,
				8482456627EEDFAE00F671F9 /* Frameworks */,
				8482456727EEDFAE00F671F9 /* Resources */,
			);
			buildRules = (
			);
			dependencies = (
			);
			name = tentwentyTest;
			productName = tentwentyTest;
			productReference = 8482456927EEDFAE00F671F9 /* tentwentyTest.app */;
			productType = "com.apple.product-type.application";
		};
/* End PBXNativeTarget section */

/* Begin PBXProject section */
		8482456127EEDFAE00F671F9 /* Project object */ = {
			isa = PBXProject;
			attributes = {
				BuildIndependentTargetsInParallel = 1;
				LastSwiftUpdateCheck = 1320;
				LastUpgradeCheck = 1320;
				TargetAttributes = {
					8482456827EEDFAE00F671F9 = {
						CreatedOnToolsVersion = 13.2.1;
					};
				};
			};
			buildConfigurationList = 8482456427EEDFAE00F671F9 /* Build configuration list for PBXProject "tentwentyTest" */;
			compatibilityVersion = "Xcode 13.0";
			developmentRegion = en;
			hasScannedForEncodings = 0;
			knownRegions = (
				en,
				Base,
			);
			mainGroup = 8482456027EEDFAE00F671F9;
			productRefGroup = 8482456A27EEDFAE00F671F9 /* Products */;
			projectDirPath = "";
			projectRoot = "";
			targets = (
				8482456827EEDFAE00F671F9 /* tentwentyTest */,
			);
		};
/* End PBXProject section */

/* Begin PBXResourcesBuildPhase section */
		8482456727EEDFAE00F671F9 /* Resources */ = {
			isa = PBXResourcesBuildPhase;
			buildActionMask = 2147483647;
			files = (
				8482457927EEDFB000F671F9 /* LaunchScreen.storyboard in Resources */,
				848245A227EEE7F000F671F9 /* Poppins-Bold.ttf in Resources */,
				848245BB27EF285A00F671F9 /* MovieTableViewCell.xib in Resources */,
				848245A127EEE7F000F671F9 /* Poppins-Black.ttf in Resources */,
				8482459D27EEE7F000F671F9 /* Poppins-BlackItalic.ttf in Resources */,
				848245A327EEE7F000F671F9 /* Poppins-MediumItalic.ttf in Resources */,
				8482459627EEE7F000F671F9 /* Poppins-Light.ttf in Resources */,
				843B309627EF550400A89102 /* GenreCollectionViewCell.xib in Resources */,
				848245B727EF246100F671F9 /* MovieGenreCollectionViewCell.xib in Resources */,
				8482459E27EEE7F000F671F9 /* Poppins-SemiBoldItalic.ttf in Resources */,
				8482459B27EEE7F000F671F9 /* Poppins-Medium.ttf in Resources */,
				8482459C27EEE7F000F671F9 /* Poppins-Regular.ttf in Resources */,
				843B30A127EF977700A89102 /* DatesCollectionViewCell.xib in Resources */,
				8482459A27EEE7F000F671F9 /* Poppins-ExtraLightItalic.ttf in Resources */,
				8482457627EEDFB000F671F9 /* Assets.xcassets in Resources */,
				848245A427EEE7F000F671F9 /* Poppins-LightItalic.ttf in Resources */,
				8482459927EEE7F000F671F9 /* Poppins-ExtraLight.ttf in Resources */,
				8482459727EEE7F000F671F9 /* Poppins-ExtraBoldItalic.ttf in Resources */,
				8482459427EEE7F000F671F9 /* Poppins-Italic.ttf in Resources */,
				848245A527EEE7F000F671F9 /* Poppins-Thin.ttf in Resources */,
				8482459827EEE7F000F671F9 /* Poppins-SemiBold.ttf in Resources */,
				843B30A527EF98A800A89102 /* SeatLayoutCollectionViewCell.xib in Resources */,
				848245A027EEE7F000F671F9 /* Poppins-ExtraBold.ttf in Resources */,
				848245AB27EEF0EE00F671F9 /* MoviesTableViewCell.xib in Resources */,
				8482459F27EEE7F000F671F9 /* Poppins-ThinItalic.ttf in Resources */,
				8482457427EEDFAE00F671F9 /* Main.storyboard in Resources */,
				8482459527EEE7F000F671F9 /* Poppins-BoldItalic.ttf in Resources */,
			);
			runOnlyForDeploymentPostprocessing = 0;
		};
/* End PBXResourcesBuildPhase section */

/* Begin PBXSourcesBuildPhase section */
		8482456527EEDFAE00F671F9 /* Sources */ = {
			isa = PBXSourcesBuildPhase;
			buildActionMask = 2147483647;
			files = (
				8482457127EEDFAE00F671F9 /* ViewController.swift in Sources */,
				8482456D27EEDFAE00F671F9 /* AppDelegate.swift in Sources */,
				843B309B27EF5BA000A89102 /* CustomLabel.swift in Sources */,
				843B30A027EF977700A89102 /* DatesCollectionViewCell.swift in Sources */,
				843B309527EF550400A89102 /* GenreCollectionViewCell.swift in Sources */,
				848245BA27EF285A00F671F9 /* MovieTableViewCell.swift in Sources */,
				843B309D27EF96F000A89102 /* SelectSeatsViewController.swift in Sources */,
				848245B127EEF61200F671F9 /* MovieGenreViewController.swift in Sources */,
				848245B627EF246100F671F9 /* MovieGenreCollectionViewCell.swift in Sources */,
				848245AA27EEF0EE00F671F9 /* MoviesTableViewCell.swift in Sources */,
				843B309027EF352700A89102 /* SearchResultViewController.swift in Sources */,
				843B30A427EF98A800A89102 /* SeatLayoutCollectionViewCell.swift in Sources */,
				843B309227EF50DE00A89102 /* MovieDetailViewController.swift in Sources */,
				8482456F27EEDFAE00F671F9 /* SceneDelegate.swift in Sources */,
			);
			runOnlyForDeploymentPostprocessing = 0;
		};
/* End PBXSourcesBuildPhase section */

/* Begin PBXVariantGroup section */
		8482457227EEDFAE00F671F9 /* Main.storyboard */ = {
			isa = PBXVariantGroup;
			children = (
				8482457327EEDFAE00F671F9 /* Base */,
			);
			name = Main.storyboard;
			sourceTree = "<group>";
		};
		8482457727EEDFB000F671F9 /* LaunchScreen.storyboard */ = {
			isa = PBXVariantGroup;
			children = (
				8482457827EEDFB000F671F9 /* Base */,
			);
			name = LaunchScreen.storyboard;
			sourceTree = "<group>";
		};
/* End PBXVariantGroup section */

/* Begin XCBuildConfiguration section */
		8482457B27EEDFB000F671F9 /* Debug */ = {
			isa = XCBuildConfiguration;
			buildSettings = {
				ALWAYS_SEARCH_USER_PATHS = NO;
				CLANG_ANALYZER_NONNULL = YES;
				CLANG_ANALYZER_NUMBER_OBJECT_CONVERSION = YES_AGGRESSIVE;
				CLANG_CXX_LANGUAGE_STANDARD = "gnu++17";
				CLANG_CXX_LIBRARY = "libc++";
				CLANG_ENABLE_MODULES = YES;
				CLANG_ENABLE_OBJC_ARC = YES;
				CLANG_ENABLE_OBJC_WEAK = YES;
				CLANG_WARN_BLOCK_CAPTURE_AUTORELEASING = YES;
				CLANG_WARN_BOOL_CONVERSION = YES;
				CLANG_WARN_COMMA = YES;
				CLANG_WARN_CONSTANT_CONVERSION = YES;
				CLANG_WARN_DEPRECATED_OBJC_IMPLEMENTATIONS = YES;
				CLANG_WARN_DIRECT_OBJC_ISA_USAGE = YES_ERROR;
				CLANG_WARN_DOCUMENTATION_COMMENTS = YES;
				CLANG_WARN_EMPTY_BODY = YES;
				CLANG_WARN_ENUM_CONVERSION = YES;
				CLANG_WARN_INFINITE_RECURSION = YES;
				CLANG_WARN_INT_CONVERSION = YES;
				CLANG_WARN_NON_LITERAL_NULL_CONVERSION = YES;
				CLANG_WARN_OBJC_IMPLICIT_RETAIN_SELF = YES;
				CLANG_WARN_OBJC_LITERAL_CONVERSION = YES;
				CLANG_WARN_OBJC_ROOT_CLASS = YES_ERROR;
				CLANG_WARN_QUOTED_INCLUDE_IN_FRAMEWORK_HEADER = YES;
				CLANG_WARN_RANGE_LOOP_ANALYSIS = YES;
				CLANG_WARN_STRICT_PROTOTYPES = YES;
				CLANG_WARN_SUSPICIOUS_MOVE = YES;
				CLANG_WARN_UNGUARDED_AVAILABILITY = YES_AGGRESSIVE;
				CLANG_WARN_UNREACHABLE_CODE = YES;
				CLANG_WARN__DUPLICATE_METHOD_MATCH = YES;
				COPY_PHASE_STRIP = NO;
				DEBUG_INFORMATION_FORMAT = dwarf;
				ENABLE_STRICT_OBJC_MSGSEND = YES;
				ENABLE_TESTABILITY = YES;
				GCC_C_LANGUAGE_STANDARD = gnu11;
				GCC_DYNAMIC_NO_PIC = NO;
				GCC_NO_COMMON_BLOCKS = YES;
				GCC_OPTIMIZATION_LEVEL = 0;
				GCC_PREPROCESSOR_DEFINITIONS = (
					"DEBUG=1",
					"$(inherited)",
				);
				GCC_WARN_64_TO_32_BIT_CONVERSION = YES;
				GCC_WARN_ABOUT_RETURN_TYPE = YES_ERROR;
				GCC_WARN_UNDECLARED_SELECTOR = YES;
				GCC_WARN_UNINITIALIZED_AUTOS = YES_AGGRESSIVE;
				GCC_WARN_UNUSED_FUNCTION = YES;
				GCC_WARN_UNUSED_VARIABLE = YES;
				IPHONEOS_DEPLOYMENT_TARGET = 15.2;
				MTL_ENABLE_DEBUG_INFO = INCLUDE_SOURCE;
				MTL_FAST_MATH = YES;
				ONLY_ACTIVE_ARCH = YES;
				SDKROOT = iphoneos;
				SWIFT_ACTIVE_COMPILATION_CONDITIONS = DEBUG;
				SWIFT_OPTIMIZATION_LEVEL = "-Onone";
			};
			name = Debug;
		};
		8482457C27EEDFB000F671F9 /* Release */ = {
			isa = XCBuildConfiguration;
			buildSettings = {
				ALWAYS_SEARCH_USER_PATHS = NO;
				CLANG_ANALYZER_NONNULL = YES;
				CLANG_ANALYZER_NUMBER_OBJECT_CONVERSION = YES_AGGRESSIVE;
				CLANG_CXX_LANGUAGE_STANDARD = "gnu++17";
				CLANG_CXX_LIBRARY = "libc++";
				CLANG_ENABLE_MODULES = YES;
				CLANG_ENABLE_OBJC_ARC = YES;
				CLANG_ENABLE_OBJC_WEAK = YES;
				CLANG_WARN_BLOCK_CAPTURE_AUTORELEASING = YES;
				CLANG_WARN_BOOL_CONVERSION = YES;
				CLANG_WARN_COMMA = YES;
				CLANG_WARN_CONSTANT_CONVERSION = YES;
				CLANG_WARN_DEPRECATED_OBJC_IMPLEMENTATIONS = YES;
				CLANG_WARN_DIRECT_OBJC_ISA_USAGE = YES_ERROR;
				CLANG_WARN_DOCUMENTATION_COMMENTS = YES;
				CLANG_WARN_EMPTY_BODY = YES;
				CLANG_WARN_ENUM_CONVERSION = YES;
				CLANG_WARN_INFINITE_RECURSION = YES;
				CLANG_WARN_INT_CONVERSION = YES;
				CLANG_WARN_NON_LITERAL_NULL_CONVERSION = YES;
				CLANG_WARN_OBJC_IMPLICIT_RETAIN_SELF = YES;
				CLANG_WARN_OBJC_LITERAL_CONVERSION = YES;
				CLANG_WARN_OBJC_ROOT_CLASS = YES_ERROR;
				CLANG_WARN_QUOTED_INCLUDE_IN_FRAMEWORK_HEADER = YES;
				CLANG_WARN_RANGE_LOOP_ANALYSIS = YES;
				CLANG_WARN_STRICT_PROTOTYPES = YES;
				CLANG_WARN_SUSPICIOUS_MOVE = YES;
				CLANG_WARN_UNGUARDED_AVAILABILITY = YES_AGGRESSIVE;
				CLANG_WARN_UNREACHABLE_CODE = YES;
				CLANG_WARN__DUPLICATE_METHOD_MATCH = YES;
				COPY_PHASE_STRIP = NO;
				DEBUG_INFORMATION_FORMAT = "dwarf-with-dsym";
				ENABLE_NS_ASSERTIONS = NO;
				ENABLE_STRICT_OBJC_MSGSEND = YES;
				GCC_C_LANGUAGE_STANDARD = gnu11;
				GCC_NO_COMMON_BLOCKS = YES;
				GCC_WARN_64_TO_32_BIT_CONVERSION = YES;
				GCC_WARN_ABOUT_RETURN_TYPE = YES_ERROR;
				GCC_WARN_UNDECLARED_SELECTOR = YES;
				GCC_WARN_UNINITIALIZED_AUTOS = YES_AGGRESSIVE;
				GCC_WARN_UNUSED_FUNCTION = YES;
				GCC_WARN_UNUSED_VARIABLE = YES;
				IPHONEOS_DEPLOYMENT_TARGET = 15.2;
				MTL_ENABLE_DEBUG_INFO = NO;
				MTL_FAST_MATH = YES;
				SDKROOT = iphoneos;
				SWIFT_COMPILATION_MODE = wholemodule;
				SWIFT_OPTIMIZATION_LEVEL = "-O";
				VALIDATE_PRODUCT = YES;
			};
			name = Release;
		};
		8482457E27EEDFB000F671F9 /* Debug */ = {
			isa = XCBuildConfiguration;
			buildSettings = {
				ASSETCATALOG_COMPILER_APPICON_NAME = AppIcon;
				ASSETCATALOG_COMPILER_GLOBAL_ACCENT_COLOR_NAME = AccentColor;
				CODE_SIGN_STYLE = Automatic;
				CURRENT_PROJECT_VERSION = 1;
				DEVELOPMENT_TEAM = AK9T9PSJ52;
				GENERATE_INFOPLIST_FILE = YES;
				INFOPLIST_FILE = tentwentyTest/Info.plist;
				INFOPLIST_KEY_UIApplicationSupportsIndirectInputEvents = YES;
				INFOPLIST_KEY_UILaunchStoryboardName = LaunchScreen;
				INFOPLIST_KEY_UIMainStoryboardFile = Main;
				INFOPLIST_KEY_UISupportedInterfaceOrientations_iPad = "UIInterfaceOrientationPortrait UIInterfaceOrientationPortraitUpsideDown UIInterfaceOrientationLandscapeLeft UIInterfaceOrientationLandscapeRight";
				INFOPLIST_KEY_UISupportedInterfaceOrientations_iPhone = "UIInterfaceOrientationPortrait UIInterfaceOrientationLandscapeLeft UIInterfaceOrientationLandscapeRight";
				LD_RUNPATH_SEARCH_PATHS = (
					"$(inherited)",
					"@executable_path/Frameworks",
				);
				MARKETING_VERSION = 1.0;
				PRODUCT_BUNDLE_IDENTIFIER = Raees.tentwentyTest;
				PRODUCT_NAME = "$(TARGET_NAME)";
				SWIFT_EMIT_LOC_STRINGS = YES;
				SWIFT_VERSION = 5.0;
				TARGETED_DEVICE_FAMILY = "1,2";
			};
			name = Debug;
		};
		8482457F27EEDFB000F671F9 /* Release */ = {
			isa = XCBuildConfiguration;
			buildSettings = {
				ASSETCATALOG_COMPILER_APPICON_NAME = AppIcon;
				ASSETCATALOG_COMPILER_GLOBAL_ACCENT_COLOR_NAME = AccentColor;
				CODE_SIGN_STYLE = Automatic;
				CURRENT_PROJECT_VERSION = 1;
				DEVELOPMENT_TEAM = AK9T9PSJ52;
				GENERATE_INFOPLIST_FILE = YES;
				INFOPLIST_FILE = tentwentyTest/Info.plist;
				INFOPLIST_KEY_UIApplicationSupportsIndirectInputEvents = YES;
				INFOPLIST_KEY_UILaunchStoryboardName = LaunchScreen;
				INFOPLIST_KEY_UIMainStoryboardFile = Main;
				INFOPLIST_KEY_UISupportedInterfaceOrientations_iPad = "UIInterfaceOrientationPortrait UIInterfaceOrientationPortraitUpsideDown UIInterfaceOrientationLandscapeLeft UIInterfaceOrientationLandscapeRight";
				INFOPLIST_KEY_UISupportedInterfaceOrientations_iPhone = "UIInterfaceOrientationPortrait UIInterfaceOrientationLandscapeLeft UIInterfaceOrientationLandscapeRight";
				LD_RUNPATH_SEARCH_PATHS = (
					"$(inherited)",
					"@executable_path/Frameworks",
				);
				MARKETING_VERSION = 1.0;
				PRODUCT_BUNDLE_IDENTIFIER = Raees.tentwentyTest;
				PRODUCT_NAME = "$(TARGET_NAME)";
				SWIFT_EMIT_LOC_STRINGS = YES;
				SWIFT_VERSION = 5.0;
				TARGETED_DEVICE_FAMILY = "1,2";
			};
			name = Release;
		};
/* End XCBuildConfiguration section */

/* Begin XCConfigurationList section */
		8482456427EEDFAE00F671F9 /* Build configuration list for PBXProject "tentwentyTest" */ = {
			isa = XCConfigurationList;
			buildConfigurations = (
				8482457B27EEDFB000F671F9 /* Debug */,
				8482457C27EEDFB000F671F9 /* Release */,
			);
			defaultConfigurationIsVisible = 0;
			defaultConfigurationName = Release;
		};
		8482457D27EEDFB000F671F9 /* Build configuration list for PBXNativeTarget "tentwentyTest" */ = {
			isa = XCConfigurationList;
			buildConfigurations = (
				8482457E27EEDFB000F671F9 /* Debug */,
				8482457F27EEDFB000F671F9 /* Release */,
			);
			defaultConfigurationIsVisible = 0;
			defaultConfigurationName = Release;
		};
/* End XCConfigurationList section */
	};
	rootObject = 8482456127EEDFAE00F671F9 /* Project object */;
}
